{
  "originHash" : "1ef43e89f8c3b9b502892b3071b556a4921229c4b6d9693c114aa18fe395b043",
  "pins" : [
    {
      "identity" : "cryptoswift",
      "kind" : "remoteSourceControl",
      "location" : "https://github.com/royalapplications/CryptoSwift.git",
      "state" : {
        "branch" : "foundationessentials",
        "revision" : "a59b4d91ebb22011656c830f874fe7152e183a57"
      }
    },
    {
      "identity" : "swift-hash",
      "kind" : "remoteSourceControl",
      "location" : "https://github.com/tayloraswift/swift-hash",
      "state" : {
        "revision" : "7fd5fb1753fe69bd6c04ecda36aab546cdcaae99",
        "version" : "0.7.1"
      }
    },
    {
      "identity" : "swift-jpeg",
      "kind" : "remoteSourceControl",
      "location" : "https://github.com/tayloraswift/swift-jpeg",
      "state" : {
        "revision" : "c393ac5a683d09c6b1d6410402e25a606d36836f",
        "version" : "2.0.0"
      }
    },
    {
      "identity" : "swift-png",
      "kind" : "remoteSourceControl",
      "location" : "https://github.com/tayloraswift/swift-png",
      "state" : {
        "revision" : "2f68db3d6b3005035dc213275e8f35b6a4d0581f",
        "version" : "4.4.9"
      }
    }
  ],
  "version" : 3
}
